
Microsoft Visual Studio Solution File, Format Version 12.00
# Visual Studio Version 16
VisualStudioVersion = 16.0.29709.97
MinimumVisualStudioVersion = 10.0.40219.1
Project("{9A19103F-16F7-4668-BE54-9A1E7A4F7556}") = "BlogPlatform", "BlogPlatform\BlogPlatform.csproj", "{5F0F9F52-E6B7-4A05-BFC9-6D46999749B2}"
EndProject
Project("{9A19103F-16F7-4668-BE54-9A1E7A4F7556}") = "BlogPlatformTests", "..\ReviewWebsiteProject\ReviewWebsiteProject.Tests\BlogPlatformTests.csproj", "{65F6908B-7B7C-4E17-B342-5312C1BDF362}"
EndProject
Global
	GlobalSection(SolutionConfigurationPlatforms) = preSolution
		Debug|Any CPU = Debug|Any CPU
		Release|Any CPU = Release|Any CPU
	EndGlobalSection
	GlobalSection(ProjectConfigurationPlatforms) = postSolution
		{5F0F9F52-E6B7-4A05-BFC9-6D46999749B2}.Debug|Any CPU.ActiveCfg = Debug|Any CPU
		{5F0F9F52-E6B7-4A05-BFC9-6D46999749B2}.Debug|Any CPU.Build.0 = Debug|Any CPU
		{5F0F9F52-E6B7-4A05-BFC9-6D46999749B2}.Release|Any CPU.ActiveCfg = Release|Any CPU
		{5F0F9F52-E6B7-4A05-BFC9-6D46999749B2}.Release|Any CPU.Build.0 = Release|Any CPU
		{65F6908B-7B7C-4E17-B342-5312C1BDF362}.Debug|Any CPU.ActiveCfg = Debug|Any CPU
		{65F6908B-7B7C-4E17-B342-5312C1BDF362}.Debug|Any CPU.Build.0 = Debug|Any CPU
		{65F6908B-7B7C-4E17-B342-5312C1BDF362}.Release|Any CPU.ActiveCfg = Release|Any CPU
		{65F6908B-7B7C-4E17-B342-5312C1BDF362}.Release|Any CPU.Build.0 = Release|Any CPU
	EndGlobalSection
	GlobalSection(SolutionProperties) = preSolution
		HideSolutionNode = FALSE
	EndGlobalSection
	GlobalSection(ExtensibilityGlobals) = postSolution
		SolutionGuid = {2BB984C1-4A69-4622-8E5C-45C50BAF2043}
	EndGlobalSection
EndGlobal
